
Microsoft Visual Studio Solution File, Format Version 12.00
# Visual Studio Version 17
VisualStudioVersion = 17.3.32929.385
MinimumVisualStudioVersion = 10.0.40219.1
Project("{FAE04EC0-301F-11D3-BF4B-00C04F79EFBC}") = "Projekt 3", "Projekt 3.csproj", "{F81B2EBC-4AB5-4DEA-99C8-04193EBBB728}"
EndProject
Global
	GlobalSection(SolutionConfigurationPlatforms) = preSolution
		Debug|Any CPU = Debug|Any CPU
		Release|Any CPU = Release|Any CPU
	EndGlobalSection
	GlobalSection(ProjectConfigurationPlatforms) = postSolution
		{F81B2EBC-4AB5-4DEA-99C8-04193EBBB728}.Debug|Any CPU.ActiveCfg = Debug|Any CPU
		{F81B2EBC-4AB5-4DEA-99C8-04193EBBB728}.Debug|Any CPU.Build.0 = Debug|Any CPU
		{F81B2EBC-4AB5-4DEA-99C8-04193EBBB728}.Release|Any CPU.ActiveCfg = Release|Any CPU
		{F81B2EBC-4AB5-4DEA-99C8-04193EBBB728}.Release|Any CPU.Build.0 = Release|Any CPU
	EndGlobalSection
	GlobalSection(SolutionProperties) = preSolution
		HideSolutionNode = FALSE
	EndGlobalSection
	GlobalSection(ExtensibilityGlobals) = postSolution
		SolutionGuid = {B15BF50D-F6EA-4839-B610-5E4672CD46B3}
	EndGlobalSection
EndGlobal
